
Microsoft Visual Studio Solution File, Format Version 12.00
# Visual Studio 15
VisualStudioVersion = 15.0.27428.1
MinimumVisualStudioVersion = 10.0.40219.1
Project("{FAE04EC0-301F-11D3-BF4B-00C04F79EFBC}") = "MyWeatherApp.Android", "MyWeatherApp\MyWeatherApp.Android\MyWeatherApp.Android.csproj", "{B26CFFFE-CF04-426D-A0CB-3F55AA904B95}"
EndProject
Project("{FAE04EC0-301F-11D3-BF4B-00C04F79EFBC}") = "MyWeatherApp.iOS", "MyWeatherApp\MyWeatherApp.iOS\MyWeatherApp.iOS.csproj", "{57732752-4A6D-4647-83C5-EF5DBF42A575}"
EndProject
Project("{FAE04EC0-301F-11D3-BF4B-00C04F79EFBC}") = "MyWeatherApp.UWP", "MyWeatherApp\MyWeatherApp.UWP\MyWeatherApp.UWP.csproj", "{8993F68D-4D5F-4F00-9C85-799D06746B5A}"
EndProject
Project("{D954291E-2A0B-460D-934E-DC6B0785DB48}") = "MyWeatherApp", "MyWeatherApp\MyWeatherApp\MyWeatherApp.shproj", "{72C55884-BB96-44C5-8076-717C7F1439B7}"
EndProject
Global
	GlobalSection(SharedMSBuildProjectFiles) = preSolution
		MyWeatherApp\MyWeatherApp\MyWeatherApp.projitems*{57732752-4a6d-4647-83c5-ef5dbf42a575}*SharedItemsImports = 4
		MyWeatherApp\MyWeatherApp\MyWeatherApp.projitems*{72c55884-bb96-44c5-8076-717c7f1439b7}*SharedItemsImports = 13
		MyWeatherApp\MyWeatherApp\MyWeatherApp.projitems*{8993f68d-4d5f-4f00-9c85-799d06746b5a}*SharedItemsImports = 4
		MyWeatherApp\MyWeatherApp\MyWeatherApp.projitems*{b26cfffe-cf04-426d-a0cb-3f55aa904b95}*SharedItemsImports = 4
	EndGlobalSection
	GlobalSection(SolutionConfigurationPlatforms) = preSolution
		Ad-Hoc|Any CPU = Ad-Hoc|Any CPU
		Ad-Hoc|ARM = Ad-Hoc|ARM
		Ad-Hoc|iPhone = Ad-Hoc|iPhone
		Ad-Hoc|iPhoneSimulator = Ad-Hoc|iPhoneSimulator
		Ad-Hoc|x64 = Ad-Hoc|x64
		Ad-Hoc|x86 = Ad-Hoc|x86
		AppStore|Any CPU = AppStore|Any CPU
		AppStore|ARM = AppStore|ARM
		AppStore|iPhone = AppStore|iPhone
		AppStore|iPhoneSimulator = AppStore|iPhoneSimulator
		AppStore|x64 = AppStore|x64
		AppStore|x86 = AppStore|x86
		Debug|Any CPU = Debug|Any CPU
		Debug|ARM = Debug|ARM
		Debug|iPhone = Debug|iPhone
		Debug|iPhoneSimulator = Debug|iPhoneSimulator
		Debug|x64 = Debug|x64
		Debug|x86 = Debug|x86
		Release|Any CPU = Release|Any CPU
		Release|ARM = Release|ARM
		Release|iPhone = Release|iPhone
		Release|iPhoneSimulator = Release|iPhoneSimulator
		Release|x64 = Release|x64
		Release|x86 = Release|x86
	EndGlobalSection
	GlobalSection(ProjectConfigurationPlatforms) = postSolution
		{B26CFFFE-CF04-426D-A0CB-3F55AA904B95}.Ad-Hoc|Any CPU.ActiveCfg = Release|Any CPU
		{B26CFFFE-CF04-426D-A0CB-3F55AA904B95}.Ad-Hoc|Any CPU.Build.0 = Release|Any CPU
		{B26CFFFE-CF04-426D-A0CB-3F55AA904B95}.Ad-Hoc|Any CPU.Deploy.0 = Release|Any CPU
		{B26CFFFE-CF04-426D-A0CB-3F55AA904B95}.Ad-Hoc|ARM.ActiveCfg = Release|Any CPU
		{B26CFFFE-CF04-426D-A0CB-3F55AA904B95}.Ad-Hoc|ARM.Build.0 = Release|Any CPU
		{B26CFFFE-CF04-426D-A0CB-3F55AA904B95}.Ad-Hoc|ARM.Deploy.0 = Release|Any CPU
		{B26CFFFE-CF04-426D-A0CB-3F55AA904B95}.Ad-Hoc|iPhone.ActiveCfg = Release|Any CPU
		{B26CFFFE-CF04-426D-A0CB-3F55AA904B95}.Ad-Hoc|iPhone.Build.0 = Release|Any CPU
		{B26CFFFE-CF04-426D-A0CB-3F55AA904B95}.Ad-Hoc|iPhone.Deploy.0 = Release|Any CPU
		{B26CFFFE-CF04-426D-A0CB-3F55AA904B95}.Ad-Hoc|iPhoneSimulator.ActiveCfg = Release|Any CPU
		{B26CFFFE-CF04-426D-A0CB-3F55AA904B95}.Ad-Hoc|iPhoneSimulator.Build.0 = Release|Any CPU
		{B26CFFFE-CF04-426D-A0CB-3F55AA904B95}.Ad-Hoc|iPhoneSimulator.Deploy.0 = Release|Any CPU
		{B26CFFFE-CF04-426D-A0CB-3F55AA904B95}.Ad-Hoc|x64.ActiveCfg = Release|Any CPU
		{B26CFFFE-CF04-426D-A0CB-3F55AA904B95}.Ad-Hoc|x64.Build.0 = Release|Any CPU
		{B26CFFFE-CF04-426D-A0CB-3F55AA904B95}.Ad-Hoc|x64.Deploy.0 = Release|Any CPU
		{B26CFFFE-CF04-426D-A0CB-3F55AA904B95}.Ad-Hoc|x86.ActiveCfg = Release|Any CPU
		{B26CFFFE-CF04-426D-A0CB-3F55AA904B95}.Ad-Hoc|x86.Build.0 = Release|Any CPU
		{B26CFFFE-CF04-426D-A0CB-3F55AA904B95}.Ad-Hoc|x86.Deploy.0 = Release|Any CPU
		{B26CFFFE-CF04-426D-A0CB-3F55AA904B95}.AppStore|Any CPU.ActiveCfg = Release|Any CPU
		{B26CFFFE-CF04-426D-A0CB-3F55AA904B95}.AppStore|Any CPU.Build.0 = Release|Any CPU
		{B26CFFFE-CF04-426D-A0CB-3F55AA904B95}.AppStore|Any CPU.Deploy.0 = Release|Any CPU
		{B26CFFFE-CF04-426D-A0CB-3F55AA904B95}.AppStore|ARM.ActiveCfg = Release|Any CPU
		{B26CFFFE-CF04-426D-A0CB-3F55AA904B95}.AppStore|ARM.Build.0 = Release|Any CPU
		{B26CFFFE-CF04-426D-A0CB-3F55AA904B95}.AppStore|ARM.Deploy.0 = Release|Any CPU
		{B26CFFFE-CF04-426D-A0CB-3F55AA904B95}.AppStore|iPhone.ActiveCfg = Release|Any CPU
		{B26CFFFE-CF04-426D-A0CB-3F55AA904B95}.AppStore|iPhone.Build.0 = Release|Any CPU
		{B26CFFFE-CF04-426D-A0CB-3F55AA904B95}.AppStore|iPhone.Deploy.0 = Release|Any CPU
		{B26CFFFE-CF04-426D-A0CB-3F55AA904B95}.AppStore|iPhoneSimulator.ActiveCfg = Release|Any CPU
		{B26CFFFE-CF04-426D-A0CB-3F55AA904B95}.AppStore|iPhoneSimulator.Build.0 = Release|Any CPU
		{B26CFFFE-CF04-426D-A0CB-3F55AA904B95}.AppStore|iPhoneSimulator.Deploy.0 = Release|Any CPU
		{B26CFFFE-CF04-426D-A0CB-3F55AA904B95}.AppStore|x64.ActiveCfg = Release|Any CPU
		{B26CFFFE-CF04-426D-A0CB-3F55AA904B95}.AppStore|x64.Build.0 = Release|Any CPU
		{B26CFFFE-CF04-426D-A0CB-3F55AA904B95}.AppStore|x64.Deploy.0 = Release|Any CPU
		{B26CFFFE-CF04-426D-A0CB-3F55AA904B95}.AppStore|x86.ActiveCfg = Release|Any CPU
		{B26CFFFE-CF04-426D-A0CB-3F55AA904B95}.AppStore|x86.Build.0 = Release|Any CPU
		{B26CFFFE-CF04-426D-A0CB-3F55AA904B95}.AppStore|x86.Deploy.0 = Release|Any CPU
		{B26CFFFE-CF04-426D-A0CB-3F55AA904B95}.Debug|Any CPU.ActiveCfg = Debug|Any CPU
		{B26CFFFE-CF04-426D-A0CB-3F55AA904B95}.Debug|Any CPU.Build.0 = Debug|Any CPU
		{B26CFFFE-CF04-426D-A0CB-3F55AA904B95}.Debug|Any CPU.Deploy.0 = Debug|Any CPU
		{B26CFFFE-CF04-426D-A0CB-3F55AA904B95}.Debug|ARM.ActiveCfg = Debug|Any CPU
		{B26CFFFE-CF04-426D-A0CB-3F55AA904B95}.Debug|ARM.Build.0 = Debug|Any CPU
		{B26CFFFE-CF04-426D-A0CB-3F55AA904B95}.Debug|ARM.Deploy.0 = Debug|Any CPU
		{B26CFFFE-CF04-426D-A0CB-3F55AA904B95}.Debug|iPhone.ActiveCfg = Debug|Any CPU
		{B26CFFFE-CF04-426D-A0CB-3F55AA904B95}.Debug|iPhone.Build.0 = Debug|Any CPU
		{B26CFFFE-CF04-426D-A0CB-3F55AA904B95}.Debug|iPhone.Deploy.0 = Debug|Any CPU
		{B26CFFFE-CF04-426D-A0CB-3F55AA904B95}.Debug|iPhoneSimulator.ActiveCfg = Debug|Any CPU
		{B26CFFFE-CF04-426D-A0CB-3F55AA904B95}.Debug|iPhoneSimulator.Build.0 = Debug|Any CPU
		{B26CFFFE-CF04-426D-A0CB-3F55AA904B95}.Debug|iPhoneSimulator.Deploy.0 = Debug|Any CPU
		{B26CFFFE-CF04-426D-A0CB-3F55AA904B95}.Debug|x64.ActiveCfg = Debug|Any CPU
		{B26CFFFE-CF04-426D-A0CB-3F55AA904B95}.Debug|x64.Build.0 = Debug|Any CPU
		{B26CFFFE-CF04-426D-A0CB-3F55AA904B95}.Debug|x64.Deploy.0 = Debug|Any CPU
		{B26CFFFE-CF04-426D-A0CB-3F55AA904B95}.Debug|x86.ActiveCfg = Debug|Any CPU
		{B26CFFFE-CF04-426D-A0CB-3F55AA904B95}.Debug|x86.Build.0 = Debug|Any CPU
		{B26CFFFE-CF04-426D-A0CB-3F55AA904B95}.Debug|x86.Deploy.0 = Debug|Any CPU
		{B26CFFFE-CF04-426D-A0CB-3F55AA904B95}.Release|Any CPU.ActiveCfg = Release|Any CPU
		{B26CFFFE-CF04-426D-A0CB-3F55AA904B95}.Release|Any CPU.Build.0 = Release|Any CPU
		{B26CFFFE-CF04-426D-A0CB-3F55AA904B95}.Release|Any CPU.Deploy.0 = Release|Any CPU
		{B26CFFFE-CF04-426D-A0CB-3F55AA904B95}.Release|ARM.ActiveCfg = Release|Any CPU
		{B26CFFFE-CF04-426D-A0CB-3F55AA904B95}.Release|ARM.Build.0 = Release|Any CPU
		{B26CFFFE-CF04-426D-A0CB-3F55AA904B95}.Release|ARM.Deploy.0 = Release|Any CPU
		{B26CFFFE-CF04-426D-A0CB-3F55AA904B95}.Release|iPhone.ActiveCfg = Release|Any CPU
		{B26CFFFE-CF04-426D-A0CB-3F55AA904B95}.Release|iPhone.Build.0 = Release|Any CPU
		{B26CFFFE-CF04-426D-A0CB-3F55AA904B95}.Release|iPhone.Deploy.0 = Release|Any CPU
		{B26CFFFE-CF04-426D-A0CB-3F55AA904B95}.Release|iPhoneSimulator.ActiveCfg = Release|Any CPU
		{B26CFFFE-CF04-426D-A0CB-3F55AA904B95}.Release|iPhoneSimulator.Build.0 = Release|Any CPU
		{B26CFFFE-CF04-426D-A0CB-3F55AA904B95}.Release|iPhoneSimulator.Deploy.0 = Release|Any CPU
		{B26CFFFE-CF04-426D-A0CB-3F55AA904B95}.Release|x64.ActiveCfg = Release|Any CPU
		{B26CFFFE-CF04-426D-A0CB-3F55AA904B95}.Release|x64.Build.0 = Release|Any CPU
		{B26CFFFE-CF04-426D-A0CB-3F55AA904B95}.Release|x64.Deploy.0 = Release|Any CPU
		{B26CFFFE-CF04-426D-A0CB-3F55AA904B95}.Release|x86.ActiveCfg = Release|Any CPU
		{B26CFFFE-CF04-426D-A0CB-3F55AA904B95}.Release|x86.Build.0 = Release|Any CPU
		{B26CFFFE-CF04-426D-A0CB-3F55AA904B95}.Release|x86.Deploy.0 = Release|Any CPU
		{57732752-4A6D-4647-83C5-EF5DBF42A575}.Ad-Hoc|Any CPU.ActiveCfg = Ad-Hoc|iPhone
		{57732752-4A6D-4647-83C5-EF5DBF42A575}.Ad-Hoc|ARM.ActiveCfg = Ad-Hoc|iPhone
		{57732752-4A6D-4647-83C5-EF5DBF42A575}.Ad-Hoc|iPhone.ActiveCfg = Ad-Hoc|iPhone
		{57732752-4A6D-4647-83C5-EF5DBF42A575}.Ad-Hoc|iPhone.Build.0 = Ad-Hoc|iPhone
		{57732752-4A6D-4647-83C5-EF5DBF42A575}.Ad-Hoc|iPhoneSimulator.ActiveCfg = Ad-Hoc|iPhoneSimulator
		{57732752-4A6D-4647-83C5-EF5DBF42A575}.Ad-Hoc|iPhoneSimulator.Build.0 = Ad-Hoc|iPhoneSimulator
		{57732752-4A6D-4647-83C5-EF5DBF42A575}.Ad-Hoc|x64.ActiveCfg = Ad-Hoc|iPhone
		{57732752-4A6D-4647-83C5-EF5DBF42A575}.Ad-Hoc|x86.ActiveCfg = Ad-Hoc|iPhone
		{57732752-4A6D-4647-83C5-EF5DBF42A575}.AppStore|Any CPU.ActiveCfg = AppStore|iPhone
		{57732752-4A6D-4647-83C5-EF5DBF42A575}.AppStore|ARM.ActiveCfg = AppStore|iPhone
		{57732752-4A6D-4647-83C5-EF5DBF42A575}.AppStore|iPhone.ActiveCfg = AppStore|iPhone
		{57732752-4A6D-4647-83C5-EF5DBF42A575}.AppStore|iPhone.Build.0 = AppStore|iPhone
		{57732752-4A6D-4647-83C5-EF5DBF42A575}.AppStore|iPhoneSimulator.ActiveCfg = AppStore|iPhoneSimulator
		{57732752-4A6D-4647-83C5-EF5DBF42A575}.AppStore|iPhoneSimulator.Build.0 = AppStore|iPhoneSimulator
		{57732752-4A6D-4647-83C5-EF5DBF42A575}.AppStore|x64.ActiveCfg = AppStore|iPhone
		{57732752-4A6D-4647-83C5-EF5DBF42A575}.AppStore|x86.ActiveCfg = AppStore|iPhone
		{57732752-4A6D-4647-83C5-EF5DBF42A575}.Debug|Any CPU.ActiveCfg = Debug|iPhone
		{57732752-4A6D-4647-83C5-EF5DBF42A575}.Debug|ARM.ActiveCfg = Debug|iPhone
		{57732752-4A6D-4647-83C5-EF5DBF42A575}.Debug|iPhone.ActiveCfg = Debug|iPhone
		{57732752-4A6D-4647-83C5-EF5DBF42A575}.Debug|iPhone.Build.0 = Debug|iPhone
		{57732752-4A6D-4647-83C5-EF5DBF42A575}.Debug|iPhoneSimulator.ActiveCfg = Debug|iPhoneSimulator
		{57732752-4A6D-4647-83C5-EF5DBF42A575}.Debug|iPhoneSimulator.Build.0 = Debug|iPhoneSimulator
		{57732752-4A6D-4647-83C5-EF5DBF42A575}.Debug|x64.ActiveCfg = Debug|iPhone
		{57732752-4A6D-4647-83C5-EF5DBF42A575}.Debug|x86.ActiveCfg = Debug|iPhone
		{57732752-4A6D-4647-83C5-EF5DBF42A575}.Release|Any CPU.ActiveCfg = Release|iPhone
		{57732752-4A6D-4647-83C5-EF5DBF42A575}.Release|ARM.ActiveCfg = Release|iPhone
		{57732752-4A6D-4647-83C5-EF5DBF42A575}.Release|iPhone.ActiveCfg = Release|iPhone
		{57732752-4A6D-4647-83C5-EF5DBF42A575}.Release|iPhone.Build.0 = Release|iPhone
		{57732752-4A6D-4647-83C5-EF5DBF42A575}.Release|iPhoneSimulator.ActiveCfg = Release|iPhoneSimulator
		{57732752-4A6D-4647-83C5-EF5DBF42A575}.Release|iPhoneSimulator.Build.0 = Release|iPhoneSimulator
		{57732752-4A6D-4647-83C5-EF5DBF42A575}.Release|x64.ActiveCfg = Release|iPhone
		{57732752-4A6D-4647-83C5-EF5DBF42A575}.Release|x86.ActiveCfg = Release|iPhone
		{8993F68D-4D5F-4F00-9C85-799D06746B5A}.Ad-Hoc|Any CPU.ActiveCfg = Release|x86
		{8993F68D-4D5F-4F00-9C85-799D06746B5A}.Ad-Hoc|Any CPU.Build.0 = Release|x86
		{8993F68D-4D5F-4F00-9C85-799D06746B5A}.Ad-Hoc|Any CPU.Deploy.0 = Release|x86
		{8993F68D-4D5F-4F00-9C85-799D06746B5A}.Ad-Hoc|ARM.ActiveCfg = Release|ARM
		{8993F68D-4D5F-4F00-9C85-799D06746B5A}.Ad-Hoc|ARM.Build.0 = Release|ARM
		{8993F68D-4D5F-4F00-9C85-799D06746B5A}.Ad-Hoc|ARM.Deploy.0 = Release|ARM
		{8993F68D-4D5F-4F00-9C85-799D06746B5A}.Ad-Hoc|iPhone.ActiveCfg = Release|x86
		{8993F68D-4D5F-4F00-9C85-799D06746B5A}.Ad-Hoc|iPhone.Build.0 = Release|x86
		{8993F68D-4D5F-4F00-9C85-799D06746B5A}.Ad-Hoc|iPhone.Deploy.0 = Release|x86
		{8993F68D-4D5F-4F00-9C85-799D06746B5A}.Ad-Hoc|iPhoneSimulator.ActiveCfg = Release|x86
		{8993F68D-4D5F-4F00-9C85-799D06746B5A}.Ad-Hoc|iPhoneSimulator.Build.0 = Release|x86
		{8993F68D-4D5F-4F00-9C85-799D06746B5A}.Ad-Hoc|iPhoneSimulator.Deploy.0 = Release|x86
		{8993F68D-4D5F-4F00-9C85-799D06746B5A}.Ad-Hoc|x64.ActiveCfg = Release|x64
		{8993F68D-4D5F-4F00-9C85-799D06746B5A}.Ad-Hoc|x64.Build.0 = Release|x64
		{8993F68D-4D5F-4F00-9C85-799D06746B5A}.Ad-Hoc|x64.Deploy.0 = Release|x64
		{8993F68D-4D5F-4F00-9C85-799D06746B5A}.Ad-Hoc|x86.ActiveCfg = Release|x86
		{8993F68D-4D5F-4F00-9C85-799D06746B5A}.Ad-Hoc|x86.Build.0 = Release|x86
		{8993F68D-4D5F-4F00-9C85-799D06746B5A}.Ad-Hoc|x86.Deploy.0 = Release|x86
		{8993F68D-4D5F-4F00-9C85-799D06746B5A}.AppStore|Any CPU.ActiveCfg = Release|x86
		{8993F68D-4D5F-4F00-9C85-799D06746B5A}.AppStore|Any CPU.Build.0 = Release|x86
		{8993F68D-4D5F-4F00-9C85-799D06746B5A}.AppStore|Any CPU.Deploy.0 = Release|x86
		{8993F68D-4D5F-4F00-9C85-799D06746B5A}.AppStore|ARM.ActiveCfg = Release|ARM
		{8993F68D-4D5F-4F00-9C85-799D06746B5A}.AppStore|ARM.Build.0 = Release|ARM
		{8993F68D-4D5F-4F00-9C85-799D06746B5A}.AppStore|ARM.Deploy.0 = Release|ARM
		{8993F68D-4D5F-4F00-9C85-799D06746B5A}.AppStore|iPhone.ActiveCfg = Release|x86
		{8993F68D-4D5F-4F00-9C85-799D06746B5A}.AppStore|iPhone.Build.0 = Release|x86
		{8993F68D-4D5F-4F00-9C85-799D06746B5A}.AppStore|iPhone.Deploy.0 = Release|x86
		{8993F68D-4D5F-4F00-9C85-799D06746B5A}.AppStore|iPhoneSimulator.ActiveCfg = Release|x86
		{8993F68D-4D5F-4F00-9C85-799D06746B5A}.AppStore|iPhoneSimulator.Build.0 = Release|x86
		{8993F68D-4D5F-4F00-9C85-799D06746B5A}.AppStore|iPhoneSimulator.Deploy.0 = Release|x86
		{8993F68D-4D5F-4F00-9C85-799D06746B5A}.AppStore|x64.ActiveCfg = Release|x64
		{8993F68D-4D5F-4F00-9C85-799D06746B5A}.AppStore|x64.Build.0 = Release|x64
		{8993F68D-4D5F-4F00-9C85-799D06746B5A}.AppStore|x64.Deploy.0 = Release|x64
		{8993F68D-4D5F-4F00-9C85-799D06746B5A}.AppStore|x86.ActiveCfg = Release|x86
		{8993F68D-4D5F-4F00-9C85-799D06746B5A}.AppStore|x86.Build.0 = Release|x86
		{8993F68D-4D5F-4F00-9C85-799D06746B5A}.AppStore|x86.Deploy.0 = Release|x86
		{8993F68D-4D5F-4F00-9C85-799D06746B5A}.Debug|Any CPU.ActiveCfg = Debug|x86
		{8993F68D-4D5F-4F00-9C85-799D06746B5A}.Debug|ARM.ActiveCfg = Debug|ARM
		{8993F68D-4D5F-4F00-9C85-799D06746B5A}.Debug|ARM.Build.0 = Debug|ARM
		{8993F68D-4D5F-4F00-9C85-799D06746B5A}.Debug|ARM.Deploy.0 = Debug|ARM
		{8993F68D-4D5F-4F00-9C85-799D06746B5A}.Debug|iPhone.ActiveCfg = Debug|x86
		{8993F68D-4D5F-4F00-9C85-799D06746B5A}.Debug|iPhoneSimulator.ActiveCfg = Debug|x86
		{8993F68D-4D5F-4F00-9C85-799D06746B5A}.Debug|x64.ActiveCfg = Debug|x64
		{8993F68D-4D5F-4F00-9C85-799D06746B5A}.Debug|x64.Build.0 = Debug|x64
		{8993F68D-4D5F-4F00-9C85-799D06746B5A}.Debug|x64.Deploy.0 = Debug|x64
		{8993F68D-4D5F-4F00-9C85-799D06746B5A}.Debug|x86.ActiveCfg = Debug|x86
		{8993F68D-4D5F-4F00-9C85-799D06746B5A}.Debug|x86.Build.0 = Debug|x86
		{8993F68D-4D5F-4F00-9C85-799D06746B5A}.Debug|x86.Deploy.0 = Debug|x86
		{8993F68D-4D5F-4F00-9C85-799D06746B5A}.Release|Any CPU.ActiveCfg = Release|x86
		{8993F68D-4D5F-4F00-9C85-799D06746B5A}.Release|ARM.ActiveCfg = Release|ARM
		{8993F68D-4D5F-4F00-9C85-799D06746B5A}.Release|ARM.Build.0 = Release|ARM
		{8993F68D-4D5F-4F00-9C85-799D06746B5A}.Release|ARM.Deploy.0 = Release|ARM
		{8993F68D-4D5F-4F00-9C85-799D06746B5A}.Release|iPhone.ActiveCfg = Release|x86
		{8993F68D-4D5F-4F00-9C85-799D06746B5A}.Release|iPhoneSimulator.ActiveCfg = Release|x86
		{8993F68D-4D5F-4F00-9C85-799D06746B5A}.Release|x64.ActiveCfg = Release|x64
		{8993F68D-4D5F-4F00-9C85-799D06746B5A}.Release|x64.Build.0 = Release|x64
		{8993F68D-4D5F-4F00-9C85-799D06746B5A}.Release|x64.Deploy.0 = Release|x64
		{8993F68D-4D5F-4F00-9C85-799D06746B5A}.Release|x86.ActiveCfg = Release|x86
		{8993F68D-4D5F-4F00-9C85-799D06746B5A}.Release|x86.Build.0 = Release|x86
		{8993F68D-4D5F-4F00-9C85-799D06746B5A}.Release|x86.Deploy.0 = Release|x86
	EndGlobalSection
	GlobalSection(SolutionProperties) = preSolution
		HideSolutionNode = FALSE
	EndGlobalSection
	GlobalSection(ExtensibilityGlobals) = postSolution
		SolutionGuid = {A048B5B1-DE45-4B44-8671-B9C690FE006F}
	EndGlobalSection
EndGlobal
